
Microsoft Visual Studio Solution File, Format Version 12.00
Project("{FAE04EC0-301F-11D3-BF4B-00C04F79EFBC}") = "Laboratorium1.Zadanie4.NET", "Laboratorium1.Zadanie4.NET\Laboratorium1.Zadanie4.NET.csproj", "{48EADC00-9584-4393-9756-C4C728FD1C07}"
EndProject
Global
	GlobalSection(SolutionConfigurationPlatforms) = preSolution
		Debug|Any CPU = Debug|Any CPU
		Release|Any CPU = Release|Any CPU
	EndGlobalSection
	GlobalSection(ProjectConfigurationPlatforms) = postSolution
		{48EADC00-9584-4393-9756-C4C728FD1C07}.Debug|Any CPU.ActiveCfg = Debug|Any CPU
		{48EADC00-9584-4393-9756-C4C728FD1C07}.Debug|Any CPU.Build.0 = Debug|Any CPU
		{48EADC00-9584-4393-9756-C4C728FD1C07}.Release|Any CPU.ActiveCfg = Release|Any CPU
		{48EADC00-9584-4393-9756-C4C728FD1C07}.Release|Any CPU.Build.0 = Release|Any CPU
	EndGlobalSection
EndGlobal
